PODS:
  - AFNetworkActivityLogger (2.0.2):
    - AFNetworking/NSURLSession (~> 2.0)
  - AFNetworking (2.2.4):
    - AFNetworking/NSURLConnection
    - AFNetworking/NSURLSession
    - AFNetworking/Reachability
    - AFNetworking/Security
    - AFNetworking/Serialization
    - AFNetworking/UIKit
  - AFNetworking/NSURLConnection (2.2.4):
    - AFNetworking/Reachability
    - AFNetworking/Security
    - AFNetworking/Serialization
  - AFNetworking/NSURLSession (2.2.4):
    - AFNetworking/NSURLConnection
  - AFNetworking/Reachability (2.2.4)
  - AFNetworking/Security (2.2.4)
  - AFNetworking/Serialization (2.2.4)
  - AFNetworking/UIKit (2.2.4):
    - AFNetworking/NSURLConnection
    - AFNetworking/NSURLSession
  - CocoaLumberjack (1.9.0):
    - CocoaLumberjack/Extensions
  - CocoaLumberjack/Core (1.9.0)
  - CocoaLumberjack/Extensions (1.9.0):
    - CocoaLumberjack/Core

DEPENDENCIES:
  - AFNetworkActivityLogger (~> 2)
  - AFNetworking (~> 2)
  - CocoaLumberjack

SPEC CHECKSUMS:
  AFNetworkActivityLogger: 45ca411593444cbdc401b12924b4c17082ad512a
  AFNetworking: ab63e259fe91eef4519b371ef0a4955af0e73e64
  CocoaLumberjack: 5766cdd1d0a24bcf15a133c6023747346bf786dd

COCOAPODS: 0.33.1
